
Microsoft Visual Studio Solution File, Format Version 12.00
# Visual Studio Version 16
VisualStudioVersion = 16.0.31911.196
MinimumVisualStudioVersion = 10.0.40219.1
Project("{FAE04EC0-301F-11D3-BF4B-00C04F79EFBC}") = "AP.Barcoder", "AP.Barcoder.csproj", "{81B5A006-AAB3-43B0-B7C1-2E290B87F1BA}"
EndProject
Global
	GlobalSection(SolutionConfigurationPlatforms) = preSolution
		Debug|Any CPU = Debug|Any CPU
		Release|Any CPU = Release|Any CPU
	EndGlobalSection
	GlobalSection(ProjectConfigurationPlatforms) = postSolution
		{81B5A006-AAB3-43B0-B7C1-2E290B87F1BA}.Debug|Any CPU.ActiveCfg = Debug|Any CPU
		{81B5A006-AAB3-43B0-B7C1-2E290B87F1BA}.Debug|Any CPU.Build.0 = Debug|Any CPU
		{81B5A006-AAB3-43B0-B7C1-2E290B87F1BA}.Release|Any CPU.ActiveCfg = Release|Any CPU
		{81B5A006-AAB3-43B0-B7C1-2E290B87F1BA}.Release|Any CPU.Build.0 = Release|Any CPU
	EndGlobalSection
	GlobalSection(SolutionProperties) = preSolution
		HideSolutionNode = FALSE
	EndGlobalSection
	GlobalSection(ExtensibilityGlobals) = postSolution
		SolutionGuid = {18C6382D-2DA1-4348-A9C8-970884591C09}
	EndGlobalSection
EndGlobal
